dependencies:
  abobija/rc522:
    component_hash: 97139a54ef1582ffdc825efee669ad438c9c6cda4da3a63377d8f581fd3405eb
    dependencies:
    - name: idf
      require: private
      version: '>5.0.0'
    source:
      registry_url: https://components.espressif.com/
      type: service
    version: 2.6.1
  espressif/esp_jpeg:
    component_hash: defb83669293cbf86d0fa86b475ba5517aceed04ed70db435388c151ab37b5d7
    dependencies:
    - name: idf
      require: private
      version: '>=5.0'
    source:
      registry_url: https://components.espressif.com/
      type: service
    version: 1.3.1
  idf:
    source:
      type: idf
    version: 5.5.3
direct_dependencies:
- abobija/rc522
- espressif/esp_jpeg
- idf
manifest_hash: 32888741fa73691aa8bf95a08fcfe7e2e80e612bce571130974c12f6d9384e48
target: esp32s3
version: 2.0.0
